
Microsoft Visual Studio Solution File, Format Version 12.00
# Visual Studio Version 17
VisualStudioVersion = 17.14.36221.1 d17.14
MinimumVisualStudioVersion = 10.0.40219.1
Project("{FAE04EC0-301F-11D3-BF4B-00C04F79EFBC}") = "MultiLanguageDemo", "MultiLanguageDemo\MultiLanguageDemo.csproj", "{B4A6EC4F-8A82-4275-A446-8DE78FB20ADD}"
EndProject
Global
	GlobalSection(SolutionConfigurationPlatforms) = preSolution
		Debug|Any CPU = Debug|Any CPU
		Release|Any CPU = Release|Any CPU
	EndGlobalSection
	GlobalSection(ProjectConfigurationPlatforms) = postSolution
		{B4A6EC4F-8A82-4275-A446-8DE78FB20ADD}.Debug|Any CPU.ActiveCfg = Debug|Any CPU
		{B4A6EC4F-8A82-4275-A446-8DE78FB20ADD}.Debug|Any CPU.Build.0 = Debug|Any CPU
		{B4A6EC4F-8A82-4275-A446-8DE78FB20ADD}.Release|Any CPU.ActiveCfg = Release|Any CPU
		{B4A6EC4F-8A82-4275-A446-8DE78FB20ADD}.Release|Any CPU.Build.0 = Release|Any CPU
	EndGlobalSection
	GlobalSection(SolutionProperties) = preSolution
		HideSolutionNode = FALSE
	EndGlobalSection
	GlobalSection(ExtensibilityGlobals) = postSolution
		SolutionGuid = {5AD51571-8DD2-4661-ACB5-C972F34F292D}
	EndGlobalSection
EndGlobal
